lockfileVersion: '9.0'

settings:
  autoInstallPeers: true
  excludeLinksFromLockfile: false

importers:

  .:
    dependencies:
      '@trpc/server':
        specifier: 11.1.4
        version: 11.1.4(typescript@5.8.3)
      '@typescript/native-preview':
        specifier: 7.0.0-dev.20250701.1
        version: 7.0.0-dev.20250701.1
    devDependencies:
      '@types/node':
        specifier: ~22.15.29
        version: 22.15.31
      typescript:
        specifier: ~5.8.3
        version: 5.8.3

packages:

  '@trpc/server@11.1.4':
    resolution: {integrity: sha512-X3TSLwQQh5+zi+yY7BnnmUUwVNdeBj3BAt580sAJ+Qd5PvDhz1gSNHGOAlOLulCFn6g/JHf8n+DbnPF/Gb63SA==}
    peerDependencies:
      typescript: '>=5.7.2'

  '@types/node@22.15.31':
    resolution: {integrity: sha512-jnVe5ULKl6tijxUhvQeNbQG/84fHfg+yMak02cT8QVhBx/F05rAVxCGBYYTh2EKz22D6JF5ktXuNwdx7b9iEGw==}

  '@typescript/native-preview-darwin-arm64@7.0.0-dev.20250701.1':
    resolution: {integrity: sha512-1+CeuaEwzvFDRWQcNYeoQ9F+CxI/C3tJy/yGG0vYpBSftcYTM0XrI9Erh5whm7wn9XwprmL5/fAcO12+FYuwkw==}
    engines: {node: '>=20.6.0'}
    cpu: [arm64]
    os: [darwin]

  '@typescript/native-preview-darwin-x64@7.0.0-dev.20250701.1':
    resolution: {integrity: sha512-MMAL2616kfP/JQRedk9qyCWy02x9oX1yBvHUonsmMJuLMmEQEkDhN5fa+rEJJfmO6XrNpz2G2OuvtXumPEXqNA==}
    engines: {node: '>=20.6.0'}
    cpu: [x64]
    os: [darwin]

  '@typescript/native-preview-linux-arm64@7.0.0-dev.20250701.1':
    resolution: {integrity: sha512-WV2vKSbuGV3yDIlIMtjVzrrnweBr2u15bDds3QOBL6VzwhsYlNMrhUa7VD1o0Nlgk4OFUiaU/iNNKYxKL1FJdg==}
    engines: {node: '>=20.6.0'}
    cpu: [arm64]
    os: [linux]

  '@typescript/native-preview-linux-arm@7.0.0-dev.20250701.1':
    resolution: {integrity: sha512-TpA1j+ejJUFXDVMwqYM/gPuiHjb8r/K50gZ+/6mmF2XQp5ZA8lHg/q6qwWtJDxNCCsskoCbB6dmUFRT26auU3g==}
    engines: {node: '>=20.6.0'}
    cpu: [arm]
    os: [linux]

  '@typescript/native-preview-linux-x64@7.0.0-dev.20250701.1':
    resolution: {integrity: sha512-Ui1UdQemaDu5ZvpFqlIUaPB4g9uLxJYQwTSjx/hzTpwYwRXY6naNoRzmXK8EWdw9OhO5hPx3qRd15nqlgpqJDg==}
    engines: {node: '>=20.6.0'}
    cpu: [x64]
    os: [linux]

  '@typescript/native-preview-win32-arm64@7.0.0-dev.20250701.1':
    resolution: {integrity: sha512-HtfvtJARDzsM5ArDWWWOGcquEbWnl3S9Q6qG6UBTAoV0MOAH4EN6oo57LWZE4f7b2euzqrvp3hfLxqI00NwIog==}
    engines: {node: '>=20.6.0'}
    cpu: [arm64]
    os: [win32]

  '@typescript/native-preview-win32-x64@7.0.0-dev.20250701.1':
    resolution: {integrity: sha512-/iLiQRx543bTUXPSQonhDDkgXjseRwiR0mXf2cTN3SrNRJCgfSotXyT58z58DEe/d7LO6gAVZbC1RaTgHZFtzA==}
    engines: {node: '>=20.6.0'}
    cpu: [x64]
    os: [win32]

  '@typescript/native-preview@7.0.0-dev.20250701.1':
    resolution: {integrity: sha512-xHKk617xApGj/4HkYYv8Qd8FJKU0PXCb7IFZIpLuglbPJia8T2fIUtvCXjanH08G6xnxOWjDZDqWwZO7mhfdGQ==}
    engines: {node: '>=20.6.0'}
    hasBin: true

  typescript@5.8.3:
    resolution: {integrity: sha512-p1diW6TqL9L07nNxvRMM7hMMw4c5XOo/1ibL4aAIGmSAt9slTE1Xgw5KWuof2uTOvCg9BY7ZRi+GaF+7sfgPeQ==}
    engines: {node: '>=14.17'}
    hasBin: true

  undici-types@6.21.0:
    resolution: {integrity: sha512-iwDZqg0QAGrg9Rav5H4n0M64c3mkR59cJ6wQp+7C4nI0gsmExaedaYLNO44eT4AtBBwjbTiGPMlt2Md0T9H9JQ==}

snapshots:

  '@trpc/server@11.1.4(typescript@5.8.3)':
    dependencies:
      typescript: 5.8.3

  '@types/node@22.15.31':
    dependencies:
      undici-types: 6.21.0

  '@typescript/native-preview-darwin-arm64@7.0.0-dev.20250701.1':
    optional: true

  '@typescript/native-preview-darwin-x64@7.0.0-dev.20250701.1':
    optional: true

  '@typescript/native-preview-linux-arm64@7.0.0-dev.20250701.1':
    optional: true

  '@typescript/native-preview-linux-arm@7.0.0-dev.20250701.1':
    optional: true

  '@typescript/native-preview-linux-x64@7.0.0-dev.20250701.1':
    optional: true

  '@typescript/native-preview-win32-arm64@7.0.0-dev.20250701.1':
    optional: true

  '@typescript/native-preview-win32-x64@7.0.0-dev.20250701.1':
    optional: true

  '@typescript/native-preview@7.0.0-dev.20250701.1':
    optionalDependencies:
      '@typescript/native-preview-darwin-arm64': 7.0.0-dev.20250701.1
      '@typescript/native-preview-darwin-x64': 7.0.0-dev.20250701.1
      '@typescript/native-preview-linux-arm': 7.0.0-dev.20250701.1
      '@typescript/native-preview-linux-arm64': 7.0.0-dev.20250701.1
      '@typescript/native-preview-linux-x64': 7.0.0-dev.20250701.1
      '@typescript/native-preview-win32-arm64': 7.0.0-dev.20250701.1
      '@typescript/native-preview-win32-x64': 7.0.0-dev.20250701.1

  typescript@5.8.3: {}

  undici-types@6.21.0: {}
